
Microsoft Visual Studio Solution File, Format Version 12.00
# Visual Studio Version 16
VisualStudioVersion = 16.0.32228.343
MinimumVisualStudioVersion = 10.0.40219.1
Project("{8BC9CEB8-8B4A-11D0-8D11-00A0C91BC942}") = "Tictactoe", "Tictactoe\Tictactoe.vcxproj", "{06285E9D-980A-45E0-98AB-4A34D3A3D47A}"
EndProject
Global
	GlobalSection(SolutionConfigurationPlatforms) = preSolution
		Debug|x64 = Debug|x64
		Debug|x86 = Debug|x86
		Release|x64 = Release|x64
		Release|x86 = Release|x86
	EndGlobalSection
	GlobalSection(ProjectConfigurationPlatforms) = postSolution
		{06285E9D-980A-45E0-98AB-4A34D3A3D47A}.Debug|x64.ActiveCfg = Debug|x64
		{06285E9D-980A-45E0-98AB-4A34D3A3D47A}.Debug|x64.Build.0 = Debug|x64
		{06285E9D-980A-45E0-98AB-4A34D3A3D47A}.Debug|x86.ActiveCfg = Debug|Win32
		{06285E9D-980A-45E0-98AB-4A34D3A3D47A}.Debug|x86.Build.0 = Debug|Win32
		{06285E9D-980A-45E0-98AB-4A34D3A3D47A}.Release|x64.ActiveCfg = Release|x64
		{06285E9D-980A-45E0-98AB-4A34D3A3D47A}.Release|x64.Build.0 = Release|x64
		{06285E9D-980A-45E0-98AB-4A34D3A3D47A}.Release|x86.ActiveCfg = Release|Win32
		{06285E9D-980A-45E0-98AB-4A34D3A3D47A}.Release|x86.Build.0 = Release|Win32
	EndGlobalSection
	GlobalSection(SolutionProperties) = preSolution
		HideSolutionNode = FALSE
	EndGlobalSection
	GlobalSection(ExtensibilityGlobals) = postSolution
		SolutionGuid = {75997E71-80DE-4674-8DFB-8B5BF4FE493F}
	EndGlobalSection
EndGlobal
